
Microsoft Visual Studio Solution File, Format Version 12.00
# Visual Studio Version 17
VisualStudioVersion = 17.11.34929.205
MinimumVisualStudioVersion = 10.0.40219.1
Project("{FAE04EC0-301F-11D3-BF4B-00C04F79EFBC}") = "StockCounterBackOffice", "StockCounterBackOffice\StockCounterBackOffice.csproj", "{7F3E5DDF-C2F2-48BD-B366-24A60678D4EF}"
EndProject
Global
	GlobalSection(SolutionConfigurationPlatforms) = preSolution
		Debug|Any CPU = Debug|Any CPU
		Release|Any CPU = Release|Any CPU
	EndGlobalSection
	GlobalSection(ProjectConfigurationPlatforms) = postSolution
		{7F3E5DDF-C2F2-48BD-B366-24A60678D4EF}.Debug|Any CPU.ActiveCfg = Debug|Any CPU
		{7F3E5DDF-C2F2-48BD-B366-24A60678D4EF}.Debug|Any CPU.Build.0 = Debug|Any CPU
		{7F3E5DDF-C2F2-48BD-B366-24A60678D4EF}.Release|Any CPU.ActiveCfg = Release|Any CPU
		{7F3E5DDF-C2F2-48BD-B366-24A60678D4EF}.Release|Any CPU.Build.0 = Release|Any CPU
	EndGlobalSection
	GlobalSection(SolutionProperties) = preSolution
		HideSolutionNode = FALSE
	EndGlobalSection
	GlobalSection(ExtensibilityGlobals) = postSolution
		SolutionGuid = {5126C09E-D7A7-4C30-9C5B-B53581C552A4}
	EndGlobalSection
EndGlobal
